
Microsoft Visual Studio Solution File, Format Version 12.00
# Visual Studio Version 17
VisualStudioVersion = 17.7.34031.279
MinimumVisualStudioVersion = 10.0.40219.1
Project("{888888A0-9F3D-457C-B088-3A5042F75D52}") = "PlaylistGenerator", "PlaylistGenerator\PlaylistGenerator.pyproj", "{2FB47490-C298-48F9-84AE-EC46538CB44B}"
EndProject
Global
	GlobalSection(SolutionConfigurationPlatforms) = preSolution
		Debug|Any CPU = Debug|Any CPU
		Release|Any CPU = Release|Any CPU
	EndGlobalSection
	GlobalSection(ProjectConfigurationPlatforms) = postSolution
		{2FB47490-C298-48F9-84AE-EC46538CB44B}.Debug|Any CPU.ActiveCfg = Debug|Any CPU
		{2FB47490-C298-48F9-84AE-EC46538CB44B}.Release|Any CPU.ActiveCfg = Release|Any CPU
	EndGlobalSection
	GlobalSection(SolutionProperties) = preSolution
		HideSolutionNode = FALSE
	EndGlobalSection
	GlobalSection(ExtensibilityGlobals) = postSolution
		SolutionGuid = {15B63183-2E62-48AA-B929-1D49D666DF26}
	EndGlobalSection
EndGlobal
